
Microsoft Visual Studio Solution File, Format Version 12.00
# Visual Studio Version 16
VisualStudioVersion = 16.0.31129.286
MinimumVisualStudioVersion = 10.0.40219.1
Project("{FAE04EC0-301F-11D3-BF4B-00C04F79EFBC}") = "MastermindScratch", "MastermindScratch\MastermindScratch.csproj", "{192A9A58-51B5-4440-8759-7F865318EE30}"
EndProject
Global
	GlobalSection(SolutionConfigurationPlatforms) = preSolution
		Debug|Any CPU = Debug|Any CPU
		Release|Any CPU = Release|Any CPU
	EndGlobalSection
	GlobalSection(ProjectConfigurationPlatforms) = postSolution
		{192A9A58-51B5-4440-8759-7F865318EE30}.Debug|Any CPU.ActiveCfg = Debug|Any CPU
		{192A9A58-51B5-4440-8759-7F865318EE30}.Debug|Any CPU.Build.0 = Debug|Any CPU
		{192A9A58-51B5-4440-8759-7F865318EE30}.Release|Any CPU.ActiveCfg = Release|Any CPU
		{192A9A58-51B5-4440-8759-7F865318EE30}.Release|Any CPU.Build.0 = Release|Any CPU
	EndGlobalSection
	GlobalSection(SolutionProperties) = preSolution
		HideSolutionNode = FALSE
	EndGlobalSection
	GlobalSection(ExtensibilityGlobals) = postSolution
		SolutionGuid = {BBD65C13-BCE9-4337-90FA-39B42F5CD634}
	EndGlobalSection
EndGlobal
